// !$*UTF8*$!
{
	archiveVersion = 1;
	classes = {
	};
	objectVersion = 77;
	objects = {

/* Begin PBXBuildFile section */
		F082400C2E3BE68E0070A0C2 /* TVServices.framework in Frameworks */ = {isa = PBXBuildFile; fileRef = F082400B2E3BE68E0070A0C2 /* TVServices.framework */; };
		F08240132E3BE68E0070A0C2 /* DionysusTopShelf.appex in Embed Foundation Extensions */ = {isa = PBXBuildFile; fileRef = F08240092E3BE68D0070A0C2 /* DionysusTopShelf.appex */; settings = {ATTRIBUTES = (RemoveHeadersOnCopy, ); }; };
		F082401C2E3BF3670070A0C2 /* ColorThiefSwift in Frameworks */ = {isa = PBXBuildFile; productRef = F082401B2E3BF3670070A0C2 /* ColorThiefSwift */; };
		F085E5BB2E35FADD00C84043 /* ColorThiefSwift in Frameworks */ = {isa = PBXBuildFile; productRef = F085E5BA2E35FADD00C84043 /* ColorThiefSwift */; };
		F085E5BD2E35FB2D00C84043 /* ColorThiefSwift in Frameworks */ = {isa = PBXBuildFile; productRef = F085E5BC2E35FB2D00C84043 /* ColorThiefSwift */; };
/* End PBXBuildFile section */

/* Begin PBXContainerItemProxy section */
		F08240112E3BE68E0070A0C2 /* PBXContainerItemProxy */ = {
			isa = PBXContainerItemProxy;
			containerPortal = F085E5372E32EB8F00C84043 /* Project object */;
			proxyType = 1;
			remoteGlobalIDString = F08240082E3BE68D0070A0C2;
			remoteInfo = DionysusTopShelf;
		};
		F085E5522E32EB9000C84043 /* PBXContainerItemProxy */ = {
			isa = PBXContainerItemProxy;
			containerPortal = F085E5372E32EB8F00C84043 /* Project object */;
			proxyType = 1;
			remoteGlobalIDString = F085E53E2E32EB8F00C84043;
			remoteInfo = Dionysus;
		};
		F085E55C2E32EB9000C84043 /* PBXContainerItemProxy */ = {
			isa = PBXContainerItemProxy;
			containerPortal = F085E5372E32EB8F00C84043 /* Project object */;
			proxyType = 1;
			remoteGlobalIDString = F085E53E2E32EB8F00C84043;
			remoteInfo = Dionysus;
		};
		F085E5942E35490B00C84043 /* PBXContainerItemProxy */ = {
			isa = PBXContainerItemProxy;
			containerPortal = F085E5372E32EB8F00C84043 /* Project object */;
			proxyType = 1;
			remoteGlobalIDString = F085E5812E35490900C84043;
			remoteInfo = DionysusTV;
		};
		F085E59E2E35490B00C84043 /* PBXContainerItemProxy */ = {
			isa = PBXContainerItemProxy;
			containerPortal = F085E5372E32EB8F00C84043 /* Project object */;
			proxyType = 1;
			remoteGlobalIDString = F085E5812E35490900C84043;
			remoteInfo = DionysusTV;
		};
/* End PBXContainerItemProxy section */

/* Begin PBXCopyFilesBuildPhase section */
		F03CA1182E81CD2D003F6558 /* Embed Watch Content */ = {
			isa = PBXCopyFilesBuildPhase;
			buildActionMask = 2147483647;
			dstPath = "$(CONTENTS_FOLDER_PATH)/Watch";
			dstSubfolderSpec = 16;
			files = (
			);
			name = "Embed Watch Content";
			runOnlyForDeploymentPostprocessing = 0;
		};
		F08240182E3BE68E0070A0C2 /* Embed Foundation Extensions */ = {
			isa = PBXCopyFilesBuildPhase;
			buildActionMask = 2147483647;
			dstPath = "";
			dstSubfolderSpec = 13;
			files = (
				F08240132E3BE68E0070A0C2 /* DionysusTopShelf.appex in Embed Foundation Extensions */,
			);
			name = "Embed Foundation Extensions";
			runOnlyForDeploymentPostprocessing = 0;
		};
/* End PBXCopyFilesBuildPhase section */

/* Begin PBXFileReference section */
		F01AD4E72E81CE030047AC87 /* Assets.xcassets */ = {isa = PBXFileReference; lastKnownFileType = folder.assetcatalog; path = Assets.xcassets; sourceTree = "<group>"; };
		F01AD4E82E81CE030047AC87 /* ContentView.swift */ = {isa = PBXFileReference; lastKnownFileType = sourcecode.swift; path = ContentView.swift; sourceTree = "<group>"; };
		F01AD4E92E81CE030047AC87 /* DionysusWatchApp.swift */ = {isa = PBXFileReference; lastKnownFileType = sourcecode.swift; path = DionysusWatchApp.swift; sourceTree = "<group>"; };
		F01AD4EB2E81CE030047AC87 /* DionysusWatch_Watch_AppTests.swift */ = {isa = PBXFileReference; lastKnownFileType = sourcecode.swift; path = DionysusWatch_Watch_AppTests.swift; sourceTree = "<group>"; };
		F01AD4ED2E81CE030047AC87 /* DionysusWatch_Watch_AppUITests.swift */ = {isa = PBXFileReference; lastKnownFileType = sourcecode.swift; path = DionysusWatch_Watch_AppUITests.swift; sourceTree = "<group>"; };
		F01AD4EE2E81CE030047AC87 /* DionysusWatch_Watch_AppUITestsLaunchTests.swift */ = {isa = PBXFileReference; lastKnownFileType = sourcecode.swift; path = DionysusWatch_Watch_AppUITestsLaunchTests.swift; sourceTree = "<group>"; };
		F08240092E3BE68D0070A0C2 /* DionysusTopShelf.appex */ = {isa = PBXFileReference; explicitFileType = "wrapper.app-extension"; includeInIndex = 0; path = DionysusTopShelf.appex; sourceTree = BUILT_PRODUCTS_DIR; };
		F082400B2E3BE68E0070A0C2 /* TVServices.framework */ = {isa = PBXFileReference; lastKnownFileType = wrapper.framework; name = TVServices.framework; path = Library/Frameworks/TVServices.framework; sourceTree = DEVELOPER_DIR; };
		F085E53F2E32EB8F00C84043 /* Dionysus.app */ = {isa = PBXFileReference; explicitFileType = wrapper.application; includeInIndex = 0; path = Dionysus.app; sourceTree = BUILT_PRODUCTS_DIR; };
		F085E5512E32EB9000C84043 /* DionysusTests.xctest */ = {isa = PBXFileReference; explicitFileType = wrapper.cfbundle; includeInIndex = 0; path = DionysusTests.xctest; sourceTree = BUILT_PRODUCTS_DIR; };
		F085E55B2E32EB9000C84043 /* DionysusUITests.xctest */ = {isa = PBXFileReference; explicitFileType = wrapper.cfbundle; includeInIndex = 0; path = DionysusUITests.xctest; sourceTree = BUILT_PRODUCTS_DIR; };
		F085E5822E35490900C84043 /* DionysusTV.app */ = {isa = PBXFileReference; explicitFileType = wrapper.application; includeInIndex = 0; path = DionysusTV.app; sourceTree = BUILT_PRODUCTS_DIR; };
		F085E5932E35490B00C84043 /* DionysusTVTests.xctest */ = {isa = PBXFileReference; explicitFileType = wrapper.cfbundle; includeInIndex = 0; path = DionysusTVTests.xctest; sourceTree = BUILT_PRODUCTS_DIR; };
		F085E59D2E35490B00C84043 /* DionysusTVUITests.xctest */ = {isa = PBXFileReference; explicitFileType = wrapper.cfbundle; includeInIndex = 0; path = DionysusTVUITests.xctest; sourceTree = BUILT_PRODUCTS_DIR; };
/* End PBXFileReference section */

/* Begin PBXFileSystemSynchronizedBuildFileExceptionSet section */
		F08240172E3BE68E0070A0C2 /* Exceptions for "DionysusTopShelf" folder in "DionysusTopShelf" target */ = {
			isa = PBXFileSystemSynchronizedBuildFileExceptionSet;
			membershipExceptions = (
				Info.plist,
			);
			target = F08240082E3BE68D0070A0C2 /* DionysusTopShelf */;
		};
		F082401A2E3BE6C30070A0C2 /* Exceptions for "Dionysus" folder in "DionysusTopShelf" target */ = {
			isa = PBXFileSystemSynchronizedBuildFileExceptionSet;
			membershipExceptions = (
				Secrets.swift,
				SettingsManager.swift,
				SharedCode.swift,
			);
			target = F08240082E3BE68D0070A0C2 /* DionysusTopShelf */;
		};
		F085E5722E33DE7D00C84043 /* Exceptions for "Dionysus" folder in "Dionysus" target */ = {
			isa = PBXFileSystemSynchronizedBuildFileExceptionSet;
			membershipExceptions = (
				Info.plist,
			);
			target = F085E53E2E32EB8F00C84043 /* Dionysus */;
		};
		F085E5B62E354AE200C84043 /* Exceptions for "Dionysus" folder in "DionysusTV" target */ = {
			isa = PBXFileSystemSynchronizedBuildFileExceptionSet;
			membershipExceptions = (
				Secrets.swift,
				SettingsManager.swift,
				SharedCode.swift,
			);
			target = F085E5812E35490900C84043 /* DionysusTV */;
		};
		F085E5B82E354AFE00C84043 /* Exceptions for "DionysusTV" folder in "DionysusTV" target */ = {
			isa = PBXFileSystemSynchronizedBuildFileExceptionSet;
			membershipExceptions = (
				Info.plist,
			);
			target = F085E5812E35490900C84043 /* DionysusTV */;
		};
/* End PBXFileSystemSynchronizedBuildFileExceptionSet section */

/* Begin PBXFileSystemSynchronizedRootGroup section */
		F082400D2E3BE68E0070A0C2 /* DionysusTopShelf */ = {
			isa = PBXFileSystemSynchronizedRootGroup;
			exceptions = (
				F08240172E3BE68E0070A0C2 /* Exceptions for "DionysusTopShelf" folder in "DionysusTopShelf" target */,
			);
			path = DionysusTopShelf;
			sourceTree = "<group>";
		};
		F085E5412E32EB8F00C84043 /* Dionysus */ = {
			isa = PBXFileSystemSynchronizedRootGroup;
			exceptions = (
				F085E5722E33DE7D00C84043 /* Exceptions for "Dionysus" folder in "Dionysus" target */,
				F085E5B62E354AE200C84043 /* Exceptions for "Dionysus" folder in "DionysusTV" target */,
				F082401A2E3BE6C30070A0C2 /* Exceptions for "Dionysus" folder in "DionysusTopShelf" target */,
			);
			path = Dionysus;
			sourceTree = "<group>";
		};
		F085E5542E32EB9000C84043 /* DionysusTests */ = {
			isa = PBXFileSystemSynchronizedRootGroup;
			path = DionysusTests;
			sourceTree = "<group>";
		};
		F085E55E2E32EB9000C84043 /* DionysusUITests */ = {
			isa = PBXFileSystemSynchronizedRootGroup;
			path = DionysusUITests;
			sourceTree = "<group>";
		};
		F085E56E2E33DE2C00C84043 /* Fonts */ = {
			isa = PBXFileSystemSynchronizedRootGroup;
			path = Fonts;
			sourceTree = "<group>";
		};
		F085E5752E34538800C84043 /* Icons */ = {
			isa = PBXFileSystemSynchronizedRootGroup;
			path = Icons;
			sourceTree = "<group>";
		};
		F085E5832E35490900C84043 /* DionysusTV */ = {
			isa = PBXFileSystemSynchronizedRootGroup;
			exceptions = (
				F085E5B82E354AFE00C84043 /* Exceptions for "DionysusTV" folder in "DionysusTV" target */,
			);
			path = DionysusTV;
			sourceTree = "<group>";
		};
/* End PBXFileSystemSynchronizedRootGroup section */

/* Begin PBXFrameworksBuildPhase section */
		F08240062E3BE68D0070A0C2 /* Frameworks */ = {
			isa = PBXFrameworksBuildPhase;
			buildActionMask = 2147483647;
			files = (
				F082400C2E3BE68E0070A0C2 /* TVServices.framework in Frameworks */,
				F082401C2E3BF3670070A0C2 /* ColorThiefSwift in Frameworks */,
			);
			runOnlyForDeploymentPostprocessing = 0;
		};
		F085E53C2E32EB8F00C84043 /* Frameworks */ = {
			isa = PBXFrameworksBuildPhase;
			buildActionMask = 2147483647;
			files = (
				F085E5BD2E35FB2D00C84043 /* ColorThiefSwift in Frameworks */,
			);
			runOnlyForDeploymentPostprocessing = 0;
		};
		F085E54E2E32EB9000C84043 /* Frameworks */ = {
			isa = PBXFrameworksBuildPhase;
			buildActionMask = 2147483647;
			files = (
			);
			runOnlyForDeploymentPostprocessing = 0;
		};
		F085E5582E32EB9000C84043 /* Frameworks */ = {
			isa = PBXFrameworksBuildPhase;
			buildActionMask = 2147483647;
			files = (
			);
			runOnlyForDeploymentPostprocessing = 0;
		};
		F085E57F2E35490900C84043 /* Frameworks */ = {
			isa = PBXFrameworksBuildPhase;
			buildActionMask = 2147483647;
			files = (
				F085E5BB2E35FADD00C84043 /* ColorThiefSwift in Frameworks */,
			);
			runOnlyForDeploymentPostprocessing = 0;
		};
		F085E5902E35490B00C84043 /* Frameworks */ = {
			isa = PBXFrameworksBuildPhase;
			buildActionMask = 2147483647;
			files = (
			);
			runOnlyForDeploymentPostprocessing = 0;
		};
		F085E59A2E35490B00C84043 /* Frameworks */ = {
			isa = PBXFrameworksBuildPhase;
			buildActionMask = 2147483647;
			files = (
			);
			runOnlyForDeploymentPostprocessing = 0;
		};
/* End PBXFrameworksBuildPhase section */

/* Begin PBXGroup section */
		F01AD4EA2E81CE030047AC87 /* Dionysus Watch App */ = {
			isa = PBXGroup;
			children = (
				F01AD4E72E81CE030047AC87 /* Assets.xcassets */,
				F01AD4E82E81CE030047AC87 /* ContentView.swift */,
				F01AD4E92E81CE030047AC87 /* DionysusWatchApp.swift */,
			);
			path = "Dionysus Watch App";
			sourceTree = "<group>";
		};
		F01AD4EC2E81CE030047AC87 /* Dionysus Watch AppTests */ = {
			isa = PBXGroup;
			children = (
				F01AD4EB2E81CE030047AC87 /* DionysusWatch_Watch_AppTests.swift */,
			);
			path = "Dionysus Watch AppTests";
			sourceTree = "<group>";
		};
		F01AD4EF2E81CE030047AC87 /* Dionysus Watch AppUITests */ = {
			isa = PBXGroup;
			children = (
				F01AD4ED2E81CE030047AC87 /* DionysusWatch_Watch_AppUITests.swift */,
				F01AD4EE2E81CE030047AC87 /* DionysusWatch_Watch_AppUITestsLaunchTests.swift */,
			);
			path = "Dionysus Watch AppUITests";
			sourceTree = "<group>";
		};
		F082400A2E3BE68E0070A0C2 /* Frameworks */ = {
			isa = PBXGroup;
			children = (
				F082400B2E3BE68E0070A0C2 /* TVServices.framework */,
			);
			name = Frameworks;
			sourceTree = "<group>";
		};
		F085E5362E32EB8F00C84043 = {
			isa = PBXGroup;
			children = (
				F085E5752E34538800C84043 /* Icons */,
				F085E56E2E33DE2C00C84043 /* Fonts */,
				F085E5412E32EB8F00C84043 /* Dionysus */,
				F085E5542E32EB9000C84043 /* DionysusTests */,
				F085E55E2E32EB9000C84043 /* DionysusUITests */,
				F085E5832E35490900C84043 /* DionysusTV */,
				F082400D2E3BE68E0070A0C2 /* DionysusTopShelf */,
				F082400A2E3BE68E0070A0C2 /* Frameworks */,
				F085E5402E32EB8F00C84043 /* Products */,
			);
			sourceTree = "<group>";
		};
		F085E5402E32EB8F00C84043 /* Products */ = {
			isa = PBXGroup;
			children = (
				F01AD4EA2E81CE030047AC87 /* Dionysus Watch App */,
				F01AD4EC2E81CE030047AC87 /* Dionysus Watch AppTests */,
				F01AD4EF2E81CE030047AC87 /* Dionysus Watch AppUITests */,
				F085E53F2E32EB8F00C84043 /* Dionysus.app */,
				F085E5512E32EB9000C84043 /* DionysusTests.xctest */,
				F085E55B2E32EB9000C84043 /* DionysusUITests.xctest */,
				F085E5822E35490900C84043 /* DionysusTV.app */,
				F085E5932E35490B00C84043 /* DionysusTVTests.xctest */,
				F085E59D2E35490B00C84043 /* DionysusTVUITests.xctest */,
				F08240092E3BE68D0070A0C2 /* DionysusTopShelf.appex */,
			);
			name = Products;
			sourceTree = "<group>";
		};
/* End PBXGroup section */

/* Begin PBXNativeTarget section */
		F08240082E3BE68D0070A0C2 /* DionysusTopShelf */ = {
			isa = PBXNativeTarget;
			buildConfigurationList = F08240142E3BE68E0070A0C2 /* Build configuration list for PBXNativeTarget "DionysusTopShelf" */;
			buildPhases = (
				F08240052E3BE68D0070A0C2 /* Sources */,
				F08240062E3BE68D0070A0C2 /* Frameworks */,
				F08240072E3BE68D0070A0C2 /* Resources */,
			);
			buildRules = (
			);
			dependencies = (
			);
			fileSystemSynchronizedGroups = (
				F082400D2E3BE68E0070A0C2 /* DionysusTopShelf */,
			);
			name = DionysusTopShelf;
			packageProductDependencies = (
				F082401B2E3BF3670070A0C2 /* ColorThiefSwift */,
			);
			productName = DionysusTopShelf;
			productReference = F08240092E3BE68D0070A0C2 /* DionysusTopShelf.appex */;
			productType = "com.apple.product-type.app-extension";
		};
		F085E53E2E32EB8F00C84043 /* Dionysus */ = {
			isa = PBXNativeTarget;
			buildConfigurationList = F085E5652E32EB9000C84043 /* Build configuration list for PBXNativeTarget "Dionysus" */;
			buildPhases = (
				F085E53B2E32EB8F00C84043 /* Sources */,
				F085E53C2E32EB8F00C84043 /* Frameworks */,
				F085E53D2E32EB8F00C84043 /* Resources */,
				F03CA1182E81CD2D003F6558 /* Embed Watch Content */,
			);
			buildRules = (
			);
			dependencies = (
			);
			fileSystemSynchronizedGroups = (
				F085E5412E32EB8F00C84043 /* Dionysus */,
				F085E56E2E33DE2C00C84043 /* Fonts */,
				F085E5752E34538800C84043 /* Icons */,
			);
			name = Dionysus;
			packageProductDependencies = (
				F085E5BC2E35FB2D00C84043 /* ColorThiefSwift */,
			);
			productName = Dionysus;
			productReference = F085E53F2E32EB8F00C84043 /* Dionysus.app */;
			productType = "com.apple.product-type.application";
		};
		F085E5502E32EB9000C84043 /* DionysusTests */ = {
			isa = PBXNativeTarget;
			buildConfigurationList = F085E5682E32EB9000C84043 /* Build configuration list for PBXNativeTarget "DionysusTests" */;
			buildPhases = (
				F085E54D2E32EB9000C84043 /* Sources */,
				F085E54E2E32EB9000C84043 /* Frameworks */,
				F085E54F2E32EB9000C84043 /* Resources */,
			);
			buildRules = (
			);
			dependencies = (
				F085E5532E32EB9000C84043 /* PBXTargetDependency */,
			);
			fileSystemSynchronizedGroups = (
				F085E5542E32EB9000C84043 /* DionysusTests */,
			);
			name = DionysusTests;
			packageProductDependencies = (
			);
			productName = DionysusTests;
			productReference = F085E5512E32EB9000C84043 /* DionysusTests.xctest */;
			productType = "com.apple.product-type.bundle.unit-test";
		};
		F085E55A2E32EB9000C84043 /* DionysusUITests */ = {
			isa = PBXNativeTarget;
			buildConfigurationList = F085E56B2E32EB9000C84043 /* Build configuration list for PBXNativeTarget "DionysusUITests" */;
			buildPhases = (
				F085E5572E32EB9000C84043 /* Sources */,
				F085E5582E32EB9000C84043 /* Frameworks */,
				F085E5592E32EB9000C84043 /* Resources */,
			);
			buildRules = (
			);
			dependencies = (
				F085E55D2E32EB9000C84043 /* PBXTargetDependency */,
			);
			fileSystemSynchronizedGroups = (
				F085E55E2E32EB9000C84043 /* DionysusUITests */,
			);
			name = DionysusUITests;
			packageProductDependencies = (
			);
			productName = DionysusUITests;
			productReference = F085E55B2E32EB9000C84043 /* DionysusUITests.xctest */;
			productType = "com.apple.product-type.bundle.ui-testing";
		};
		F085E5812E35490900C84043 /* DionysusTV */ = {
			isa = PBXNativeTarget;
			buildConfigurationList = F085E5A52E35490B00C84043 /* Build configuration list for PBXNativeTarget "DionysusTV" */;
			buildPhases = (
				F085E57E2E35490900C84043 /* Sources */,
				F085E57F2E35490900C84043 /* Frameworks */,
				F085E5802E35490900C84043 /* Resources */,
				F08240182E3BE68E0070A0C2 /* Embed Foundation Extensions */,
			);
			buildRules = (
			);
			dependencies = (
				F08240122E3BE68E0070A0C2 /* PBXTargetDependency */,
			);
			fileSystemSynchronizedGroups = (
				F085E5832E35490900C84043 /* DionysusTV */,
			);
			name = DionysusTV;
			packageProductDependencies = (
				F085E5BA2E35FADD00C84043 /* ColorThiefSwift */,
			);
			productName = DionysusTV;
			productReference = F085E5822E35490900C84043 /* DionysusTV.app */;
			productType = "com.apple.product-type.application";
		};
		F085E5922E35490B00C84043 /* DionysusTVTests */ = {
			isa = PBXNativeTarget;
			buildConfigurationList = F085E5A82E35490B00C84043 /* Build configuration list for PBXNativeTarget "DionysusTVTests" */;
			buildPhases = (
				F085E58F2E35490B00C84043 /* Sources */,
				F085E5902E35490B00C84043 /* Frameworks */,
				F085E5912E35490B00C84043 /* Resources */,
			);
			buildRules = (
			);
			dependencies = (
				F085E5952E35490B00C84043 /* PBXTargetDependency */,
			);
			name = DionysusTVTests;
			packageProductDependencies = (
			);
			productName = DionysusTVTests;
			productReference = F085E5932E35490B00C84043 /* DionysusTVTests.xctest */;
			productType = "com.apple.product-type.bundle.unit-test";
		};
		F085E59C2E35490B00C84043 /* DionysusTVUITests */ = {
			isa = PBXNativeTarget;
			buildConfigurationList = F085E5AB2E35490B00C84043 /* Build configuration list for PBXNativeTarget "DionysusTVUITests" */;
			buildPhases = (
				F085E5992E35490B00C84043 /* Sources */,
				F085E59A2E35490B00C84043 /* Frameworks */,
				F085E59B2E35490B00C84043 /* Resources */,
			);
			buildRules = (
			);
			dependencies = (
				F085E59F2E35490B00C84043 /* PBXTargetDependency */,
			);
			name = DionysusTVUITests;
			packageProductDependencies = (
			);
			productName = DionysusTVUITests;
			productReference = F085E59D2E35490B00C84043 /* DionysusTVUITests.xctest */;
			productType = "com.apple.product-type.bundle.ui-testing";
		};
/* End PBXNativeTarget section */

/* Begin PBXProject section */
		F085E5372E32EB8F00C84043 /* Project object */ = {
			isa = PBXProject;
			attributes = {
				BuildIndependentTargetsInParallel = 1;
				LastSwiftUpdateCheck = 2600;
				LastUpgradeCheck = 2600;
				TargetAttributes = {
					F08240082E3BE68D0070A0C2 = {
						CreatedOnToolsVersion = 16.0;
					};
					F085E53E2E32EB8F00C84043 = {
						CreatedOnToolsVersion = 16.0;
					};
					F085E5502E32EB9000C84043 = {
						CreatedOnToolsVersion = 16.0;
						TestTargetID = F085E53E2E32EB8F00C84043;
					};
					F085E55A2E32EB9000C84043 = {
						CreatedOnToolsVersion = 16.0;
						TestTargetID = F085E53E2E32EB8F00C84043;
					};
					F085E5812E35490900C84043 = {
						CreatedOnToolsVersion = 16.0;
					};
					F085E5922E35490B00C84043 = {
						CreatedOnToolsVersion = 16.0;
						TestTargetID = F085E5812E35490900C84043;
					};
					F085E59C2E35490B00C84043 = {
						CreatedOnToolsVersion = 16.0;
						TestTargetID = F085E5812E35490900C84043;
					};
				};
			};
			buildConfigurationList = F085E53A2E32EB8F00C84043 /* Build configuration list for PBXProject "Dionysus" */;
			developmentRegion = en;
			hasScannedForEncodings = 0;
			knownRegions = (
				en,
				Base,
			);
			mainGroup = F085E5362E32EB8F00C84043;
			minimizedProjectReferenceProxies = 1;
			packageReferences = (
				F085E5B92E35FADC00C84043 /* XCRemoteSwiftPackageReference "ColorThiefSwift" */,
			);
			preferredProjectObjectVersion = 77;
			productRefGroup = F085E5402E32EB8F00C84043 /* Products */;
			projectDirPath = "";
			projectRoot = "";
			targets = (
				F085E53E2E32EB8F00C84043 /* Dionysus */,
				F085E5502E32EB9000C84043 /* DionysusTests */,
				F085E55A2E32EB9000C84043 /* DionysusUITests */,
				F085E5812E35490900C84043 /* DionysusTV */,
				F085E5922E35490B00C84043 /* DionysusTVTests */,
				F085E59C2E35490B00C84043 /* DionysusTVUITests */,
				F08240082E3BE68D0070A0C2 /* DionysusTopShelf */,
			);
		};
/* End PBXProject section */

/* Begin PBXResourcesBuildPhase section */
		F08240072E3BE68D0070A0C2 /* Resources */ = {
			isa = PBXResourcesBuildPhase;
			buildActionMask = 2147483647;
			files = (
			);
			runOnlyForDeploymentPostprocessing = 0;
		};
		F085E53D2E32EB8F00C84043 /* Resources */ = {
			isa = PBXResourcesBuildPhase;
			buildActionMask = 2147483647;
			files = (
			);
			runOnlyForDeploymentPostprocessing = 0;
		};
		F085E54F2E32EB9000C84043 /* Resources */ = {
			isa = PBXResourcesBuildPhase;
			buildActionMask = 2147483647;
			files = (
			);
			runOnlyForDeploymentPostprocessing = 0;
		};
		F085E5592E32EB9000C84043 /* Resources */ = {
			isa = PBXResourcesBuildPhase;
			buildActionMask = 2147483647;
			files = (
			);
			runOnlyForDeploymentPostprocessing = 0;
		};
		F085E5802E35490900C84043 /* Resources */ = {
			isa = PBXResourcesBuildPhase;
			buildActionMask = 2147483647;
			files = (
			);
			runOnlyForDeploymentPostprocessing = 0;
		};
		F085E5912E35490B00C84043 /* Resources */ = {
			isa = PBXResourcesBuildPhase;
			buildActionMask = 2147483647;
			files = (
			);
			runOnlyForDeploymentPostprocessing = 0;
		};
		F085E59B2E35490B00C84043 /* Resources */ = {
			isa = PBXResourcesBuildPhase;
			buildActionMask = 2147483647;
			files = (
			);
			runOnlyForDeploymentPostprocessing = 0;
		};
/* End PBXResourcesBuildPhase section */

/* Begin PBXSourcesBuildPhase section */
		F08240052E3BE68D0070A0C2 /* Sources */ = {
			isa = PBXSourcesBuildPhase;
			buildActionMask = 2147483647;
			files = (
			);
			runOnlyForDeploymentPostprocessing = 0;
		};
		F085E53B2E32EB8F00C84043 /* Sources */ = {
			isa = PBXSourcesBuildPhase;
			buildActionMask = 2147483647;
			files = (
			);
			runOnlyForDeploymentPostprocessing = 0;
		};
		F085E54D2E32EB9000C84043 /* Sources */ = {
			isa = PBXSourcesBuildPhase;
			buildActionMask = 2147483647;
			files = (
			);
			runOnlyForDeploymentPostprocessing = 0;
		};
		F085E5572E32EB9000C84043 /* Sources */ = {
			isa = PBXSourcesBuildPhase;
			buildActionMask = 2147483647;
			files = (
			);
			runOnlyForDeploymentPostprocessing = 0;
		};
		F085E57E2E35490900C84043 /* Sources */ = {
			isa = PBXSourcesBuildPhase;
			buildActionMask = 2147483647;
			files = (
			);
			runOnlyForDeploymentPostprocessing = 0;
		};
		F085E58F2E35490B00C84043 /* Sources */ = {
			isa = PBXSourcesBuildPhase;
			buildActionMask = 2147483647;
			files = (
			);
			runOnlyForDeploymentPostprocessing = 0;
		};
		F085E5992E35490B00C84043 /* Sources */ = {
			isa = PBXSourcesBuildPhase;
			buildActionMask = 2147483647;
			files = (
			);
			runOnlyForDeploymentPostprocessing = 0;
		};
/* End PBXSourcesBuildPhase section */

/* Begin PBXTargetDependency section */
		F08240122E3BE68E0070A0C2 /* PBXTargetDependency */ = {
			isa = PBXTargetDependency;
			target = F08240082E3BE68D0070A0C2 /* DionysusTopShelf */;
			targetProxy = F08240112E3BE68E0070A0C2 /* PBXContainerItemProxy */;
		};
		F085E5532E32EB9000C84043 /* PBXTargetDependency */ = {
			isa = PBXTargetDependency;
			target = F085E53E2E32EB8F00C84043 /* Dionysus */;
			targetProxy = F085E5522E32EB9000C84043 /* PBXContainerItemProxy */;
		};
		F085E55D2E32EB9000C84043 /* PBXTargetDependency */ = {
			isa = PBXTargetDependency;
			target = F085E53E2E32EB8F00C84043 /* Dionysus */;
			targetProxy = F085E55C2E32EB9000C84043 /* PBXContainerItemProxy */;
		};
		F085E5952E35490B00C84043 /* PBXTargetDependency */ = {
			isa = PBXTargetDependency;
			target = F085E5812E35490900C84043 /* DionysusTV */;
			targetProxy = F085E5942E35490B00C84043 /* PBXContainerItemProxy */;
		};
		F085E59F2E35490B00C84043 /* PBXTargetDependency */ = {
			isa = PBXTargetDependency;
			target = F085E5812E35490900C84043 /* DionysusTV */;
			targetProxy = F085E59E2E35490B00C84043 /* PBXContainerItemProxy */;
		};
/* End PBXTargetDependency section */

/* Begin XCBuildConfiguration section */
		F08240152E3BE68E0070A0C2 /* Debug */ = {
			isa = XCBuildConfiguration;
			buildSettings = {
				CODE_SIGN_ENTITLEMENTS = DionysusTopShelf/DionysusTopShelf.entitlements;
				CODE_SIGN_STYLE = Automatic;
				CURRENT_PROJECT_VERSION = 1;
				DEVELOPMENT_TEAM = BV94GNRP6Y;
				ENABLE_APP_SANDBOX = YES;
				ENABLE_OUTGOING_NETWORK_CONNECTIONS = YES;
				GENERATE_INFOPLIST_FILE = YES;
				INFOPLIST_FILE = DionysusTopShelf/Info.plist;
				INFOPLIST_KEY_CFBundleDisplayName = DionysusTopShelf;
				INFOPLIST_KEY_NSHumanReadableCopyright = "";
				LD_RUNPATH_SEARCH_PATHS = (
					"$(inherited)",
					"@executable_path/Frameworks",
					"@executable_path/../../Frameworks",
				);
				MARKETING_VERSION = 1.0;
				PRODUCT_BUNDLE_IDENTIFIER = adammmhal.DionysusTV.DionysusTopShelf;
				PRODUCT_NAME = "$(TARGET_NAME)";
				SDKROOT = appletvos;
				SKIP_INSTALL = YES;
				SWIFT_EMIT_LOC_STRINGS = YES;
				SWIFT_VERSION = 5.0;
				TARGETED_DEVICE_FAMILY = 3;
				TVOS_DEPLOYMENT_TARGET = 18.0;
			};
			name = Debug;
		};
		F08240162E3BE68E0070A0C2 /* Release */ = {
			isa = XCBuildConfiguration;
			buildSettings = {
				CODE_SIGN_ENTITLEMENTS = DionysusTopShelf/DionysusTopShelf.entitlements;
				CODE_SIGN_STYLE = Automatic;
				CURRENT_PROJECT_VERSION = 1;
				DEVELOPMENT_TEAM = BV94GNRP6Y;
				ENABLE_APP_SANDBOX = YES;
				ENABLE_OUTGOING_NETWORK_CONNECTIONS = YES;
				GENERATE_INFOPLIST_FILE = YES;
				INFOPLIST_FILE = DionysusTopShelf/Info.plist;
				INFOPLIST_KEY_CFBundleDisplayName = DionysusTopShelf;
				INFOPLIST_KEY_NSHumanReadableCopyright = "";
				LD_RUNPATH_SEARCH_PATHS = (
					"$(inherited)",
					"@executable_path/Frameworks",
					"@executable_path/../../Frameworks",
				);
				MARKETING_VERSION = 1.0;
				PRODUCT_BUNDLE_IDENTIFIER = adammmhal.DionysusTV.DionysusTopShelf;
				PRODUCT_NAME = "$(TARGET_NAME)";
				SDKROOT = appletvos;
				SKIP_INSTALL = YES;
				SWIFT_EMIT_LOC_STRINGS = YES;
				SWIFT_VERSION = 5.0;
				TARGETED_DEVICE_FAMILY = 3;
				TVOS_DEPLOYMENT_TARGET = 18.0;
			};
			name = Release;
		};
		F085E5632E32EB9000C84043 /* Debug */ = {
			isa = XCBuildConfiguration;
			buildSettings = {
				ALWAYS_SEARCH_USER_PATHS = NO;
				ASSETCATALOG_COMPILER_GENERATE_SWIFT_ASSET_SYMBOL_EXTENSIONS = YES;
				CLANG_ANALYZER_NONNULL = YES;
				CLANG_ANALYZER_NUMBER_OBJECT_CONVERSION = YES_AGGRESSIVE;
				CLANG_CXX_LANGUAGE_STANDARD = "gnu++20";
				CLANG_ENABLE_MODULES = YES;
				CLANG_ENABLE_OBJC_ARC = YES;
				CLANG_ENABLE_OBJC_WEAK = YES;
				CLANG_WARN_BLOCK_CAPTURE_AUTORELEASING = YES;
				CLANG_WARN_BOOL_CONVERSION = YES;
				CLANG_WARN_COMMA = YES;
				CLANG_WARN_CONSTANT_CONVERSION = YES;
				CLANG_WARN_DEPRECATED_OBJC_IMPLEMENTATIONS = YES;
				CLANG_WARN_DIRECT_OBJC_ISA_USAGE = YES_ERROR;
				CLANG_WARN_DOCUMENTATION_COMMENTS = YES;
				CLANG_WARN_EMPTY_BODY = YES;
				CLANG_WARN_ENUM_CONVERSION = YES;
				CLANG_WARN_INFINITE_RECURSION = YES;
				CLANG_WARN_INT_CONVERSION = YES;
				CLANG_WARN_NON_LITERAL_NULL_CONVERSION = YES;
				CLANG_WARN_OBJC_IMPLICIT_RETAIN_SELF = YES;
				CLANG_WARN_OBJC_LITERAL_CONVERSION = YES;
				CLANG_WARN_OBJC_ROOT_CLASS = YES_ERROR;
				CLANG_WARN_QUOTED_INCLUDE_IN_FRAMEWORK_HEADER = YES;
				CLANG_WARN_RANGE_LOOP_ANALYSIS = YES;
				CLANG_WARN_STRICT_PROTOTYPES = YES;
				CLANG_WARN_SUSPICIOUS_MOVE = YES;
				CLANG_WARN_UNGUARDED_AVAILABILITY = YES_AGGRESSIVE;
				CLANG_WARN_UNREACHABLE_CODE = YES;
				CLANG_WARN__DUPLICATE_METHOD_MATCH = YES;
				COPY_PHASE_STRIP = NO;
				DEBUG_INFORMATION_FORMAT = dwarf;
				ENABLE_STRICT_OBJC_MSGSEND = YES;
				ENABLE_TESTABILITY = YES;
				ENABLE_USER_SCRIPT_SANDBOXING = YES;
				GCC_C_LANGUAGE_STANDARD = gnu17;
				GCC_DYNAMIC_NO_PIC = NO;
				GCC_NO_COMMON_BLOCKS = YES;
				GCC_OPTIMIZATION_LEVEL = 0;
				GCC_PREPROCESSOR_DEFINITIONS = (
					"DEBUG=1",
					"$(inherited)",
				);
				GCC_WARN_64_TO_32_BIT_CONVERSION = YES;
				GCC_WARN_ABOUT_RETURN_TYPE = YES_ERROR;
				GCC_WARN_UNDECLARED_SELECTOR = YES;
				GCC_WARN_UNINITIALIZED_AUTOS = YES_AGGRESSIVE;
				GCC_WARN_UNUSED_FUNCTION = YES;
				GCC_WARN_UNUSED_VARIABLE = YES;
				IPHONEOS_DEPLOYMENT_TARGET = 18.0;
				LOCALIZATION_PREFERS_STRING_CATALOGS = YES;
				MTL_ENABLE_DEBUG_INFO = INCLUDE_SOURCE;
				MTL_FAST_MATH = YES;
				ONLY_ACTIVE_ARCH = YES;
				SDKROOT = iphoneos;
				STRING_CATALOG_GENERATE_SYMBOLS = YES;
				SWIFT_ACTIVE_COMPILATION_CONDITIONS = "DEBUG $(inherited)";
				SWIFT_OPTIMIZATION_LEVEL = "-Onone";
			};
			name = Debug;
		};
		F085E5642E32EB9000C84043 /* Release */ = {
			isa = XCBuildConfiguration;
			buildSettings = {
				ALWAYS_SEARCH_USER_PATHS = NO;
				ASSETCATALOG_COMPILER_GENERATE_SWIFT_ASSET_SYMBOL_EXTENSIONS = YES;
				CLANG_ANALYZER_NONNULL = YES;
				CLANG_ANALYZER_NUMBER_OBJECT_CONVERSION = YES_AGGRESSIVE;
				CLANG_CXX_LANGUAGE_STANDARD = "gnu++20";
				CLANG_ENABLE_MODULES = YES;
				CLANG_ENABLE_OBJC_ARC = YES;
				CLANG_ENABLE_OBJC_WEAK = YES;
				CLANG_WARN_BLOCK_CAPTURE_AUTORELEASING = YES;
				CLANG_WARN_BOOL_CONVERSION = YES;
				CLANG_WARN_COMMA = YES;
				CLANG_WARN_CONSTANT_CONVERSION = YES;
				CLANG_WARN_DEPRECATED_OBJC_IMPLEMENTATIONS = YES;
				CLANG_WARN_DIRECT_OBJC_ISA_USAGE = YES_ERROR;
				CLANG_WARN_DOCUMENTATION_COMMENTS = YES;
				CLANG_WARN_EMPTY_BODY = YES;
				CLANG_WARN_ENUM_CONVERSION = YES;
				CLANG_WARN_INFINITE_RECURSION = YES;
				CLANG_WARN_INT_CONVERSION = YES;
				CLANG_WARN_NON_LITERAL_NULL_CONVERSION = YES;
				CLANG_WARN_OBJC_IMPLICIT_RETAIN_SELF = YES;
				CLANG_WARN_OBJC_LITERAL_CONVERSION = YES;
				CLANG_WARN_OBJC_ROOT_CLASS = YES_ERROR;
				CLANG_WARN_QUOTED_INCLUDE_IN_FRAMEWORK_HEADER = YES;
				CLANG_WARN_RANGE_LOOP_ANALYSIS = YES;
				CLANG_WARN_STRICT_PROTOTYPES = YES;
				CLANG_WARN_SUSPICIOUS_MOVE = YES;
				CLANG_WARN_UNGUARDED_AVAILABILITY = YES_AGGRESSIVE;
				CLANG_WARN_UNREACHABLE_CODE = YES;
				CLANG_WARN__DUPLICATE_METHOD_MATCH = YES;
				COPY_PHASE_STRIP = NO;
				DEBUG_INFORMATION_FORMAT = "dwarf-with-dsym";
				ENABLE_NS_ASSERTIONS = NO;
				ENABLE_STRICT_OBJC_MSGSEND = YES;
				ENABLE_USER_SCRIPT_SANDBOXING = YES;
				GCC_C_LANGUAGE_STANDARD = gnu17;
				GCC_NO_COMMON_BLOCKS = YES;
				GCC_WARN_64_TO_32_BIT_CONVERSION = YES;
				GCC_WARN_ABOUT_RETURN_TYPE = YES_ERROR;
				GCC_WARN_UNDECLARED_SELECTOR = YES;
				GCC_WARN_UNINITIALIZED_AUTOS = YES_AGGRESSIVE;
				GCC_WARN_UNUSED_FUNCTION = YES;
				GCC_WARN_UNUSED_VARIABLE = YES;
				IPHONEOS_DEPLOYMENT_TARGET = 18.0;
				LOCALIZATION_PREFERS_STRING_CATALOGS = YES;
				MTL_ENABLE_DEBUG_INFO = NO;
				MTL_FAST_MATH = YES;
				SDKROOT = iphoneos;
				STRING_CATALOG_GENERATE_SYMBOLS = YES;
				SWIFT_COMPILATION_MODE = wholemodule;
				VALIDATE_PRODUCT = YES;
			};
			name = Release;
		};
		F085E5662E32EB9000C84043 /* Debug */ = {
			isa = XCBuildConfiguration;
			buildSettings = {
				ASSETCATALOG_COMPILER_APPICON_NAME = AppIcon;
				ASSETCATALOG_COMPILER_GLOBAL_ACCENT_COLOR_NAME = AccentColor;
				CODE_SIGN_STYLE = Automatic;
				CURRENT_PROJECT_VERSION = 1;
				DEVELOPMENT_ASSET_PATHS = "\"Dionysus/Preview Content\"";
				DEVELOPMENT_TEAM = BV94GNRP6Y;
				ENABLE_PREVIEWS = YES;
				GENERATE_INFOPLIST_FILE = YES;
				INFOPLIST_FILE = Dionysus/Info.plist;
				INFOPLIST_KEY_UIApplicationSceneManifest_Generation = YES;
				INFOPLIST_KEY_UIApplicationSupportsIndirectInputEvents = YES;
				INFOPLIST_KEY_UISupportedInterfaceOrientations = "UIInterfaceOrientationPortrait UIInterfaceOrientationPortraitUpsideDown";
				INFOPLIST_KEY_UISupportedInterfaceOrientations_iPad = "UIInterfaceOrientationLandscapeLeft UIInterfaceOrientationLandscapeRight UIInterfaceOrientationPortrait UIInterfaceOrientationPortraitUpsideDown";
				LD_RUNPATH_SEARCH_PATHS = (
					"$(inherited)",
					"@executable_path/Frameworks",
				);
				MARKETING_VERSION = 1.0;
				PRODUCT_BUNDLE_IDENTIFIER = adammmhal.Dionysus;
				PRODUCT_NAME = "$(TARGET_NAME)";
				SUPPORTED_PLATFORMS = "iphoneos iphonesimulator";
				SUPPORTS_MACCATALYST = NO;
				SUPPORTS_MAC_DESIGNED_FOR_IPHONE_IPAD = YES;
				SWIFT_EMIT_LOC_STRINGS = YES;
				SWIFT_VERSION = 5.0;
				TARGETED_DEVICE_FAMILY = "1,2";
			};
			name = Debug;
		};
		F085E5672E32EB9000C84043 /* Release */ = {
			isa = XCBuildConfiguration;
			buildSettings = {
				ASSETCATALOG_COMPILER_APPICON_NAME = AppIcon;
				ASSETCATALOG_COMPILER_GLOBAL_ACCENT_COLOR_NAME = AccentColor;
				CODE_SIGN_STYLE = Automatic;
				CURRENT_PROJECT_VERSION = 1;
				DEVELOPMENT_ASSET_PATHS = "\"Dionysus/Preview Content\"";
				DEVELOPMENT_TEAM = BV94GNRP6Y;
				ENABLE_PREVIEWS = YES;
				GENERATE_INFOPLIST_FILE = YES;
				INFOPLIST_FILE = Dionysus/Info.plist;
				INFOPLIST_KEY_UIApplicationSceneManifest_Generation = YES;
				INFOPLIST_KEY_UIApplicationSupportsIndirectInputEvents = YES;
				INFOPLIST_KEY_UISupportedInterfaceOrientations = "UIInterfaceOrientationPortrait UIInterfaceOrientationPortraitUpsideDown";
				INFOPLIST_KEY_UISupportedInterfaceOrientations_iPad = "UIInterfaceOrientationLandscapeLeft UIInterfaceOrientationLandscapeRight UIInterfaceOrientationPortrait UIInterfaceOrientationPortraitUpsideDown";
				LD_RUNPATH_SEARCH_PATHS = (
					"$(inherited)",
					"@executable_path/Frameworks",
				);
				MARKETING_VERSION = 1.0;
				PRODUCT_BUNDLE_IDENTIFIER = adammmhal.Dionysus;
				PRODUCT_NAME = "$(TARGET_NAME)";
				SUPPORTED_PLATFORMS = "iphoneos iphonesimulator";
				SUPPORTS_MACCATALYST = NO;
				SUPPORTS_MAC_DESIGNED_FOR_IPHONE_IPAD = YES;
				SWIFT_EMIT_LOC_STRINGS = YES;
				SWIFT_VERSION = 5.0;
				TARGETED_DEVICE_FAMILY = "1,2";
			};
			name = Release;
		};
		F085E5692E32EB9000C84043 /* Debug */ = {
			isa = XCBuildConfiguration;
			buildSettings = {
				BUNDLE_LOADER = "$(TEST_HOST)";
				CODE_SIGN_STYLE = Automatic;
				CURRENT_PROJECT_VERSION = 1;
				GENERATE_INFOPLIST_FILE = YES;
				IPHONEOS_DEPLOYMENT_TARGET = 18.0;
				MARKETING_VERSION = 1.0;
				PRODUCT_BUNDLE_IDENTIFIER = adammmhal.DionysusTests;
				PRODUCT_NAME = "$(TARGET_NAME)";
				SWIFT_EMIT_LOC_STRINGS = NO;
				SWIFT_VERSION = 5.0;
				TARGETED_DEVICE_FAMILY = "1,2";
				TEST_HOST = "$(BUILT_PRODUCTS_DIR)/Dionysus.app/$(BUNDLE_EXECUTABLE_FOLDER_PATH)/Dionysus";
			};
			name = Debug;
		};
		F085E56A2E32EB9000C84043 /* Release */ = {
			isa = XCBuildConfiguration;
			buildSettings = {
				BUNDLE_LOADER = "$(TEST_HOST)";
				CODE_SIGN_STYLE = Automatic;
				CURRENT_PROJECT_VERSION = 1;
				GENERATE_INFOPLIST_FILE = YES;
				IPHONEOS_DEPLOYMENT_TARGET = 18.0;
				MARKETING_VERSION = 1.0;
				PRODUCT_BUNDLE_IDENTIFIER = adammmhal.DionysusTests;
				PRODUCT_NAME = "$(TARGET_NAME)";
				SWIFT_EMIT_LOC_STRINGS = NO;
				SWIFT_VERSION = 5.0;
				TARGETED_DEVICE_FAMILY = "1,2";
				TEST_HOST = "$(BUILT_PRODUCTS_DIR)/Dionysus.app/$(BUNDLE_EXECUTABLE_FOLDER_PATH)/Dionysus";
			};
			name = Release;
		};
		F085E56C2E32EB9000C84043 /* Debug */ = {
			isa = XCBuildConfiguration;
			buildSettings = {
				CODE_SIGN_STYLE = Automatic;
				CURRENT_PROJECT_VERSION = 1;
				GENERATE_INFOPLIST_FILE = YES;
				MARKETING_VERSION = 1.0;
				PRODUCT_BUNDLE_IDENTIFIER = adammmhal.DionysusUITests;
				PRODUCT_NAME = "$(TARGET_NAME)";
				SWIFT_EMIT_LOC_STRINGS = NO;
				SWIFT_VERSION = 5.0;
				TARGETED_DEVICE_FAMILY = "1,2";
				TEST_TARGET_NAME = Dionysus;
			};
			name = Debug;
		};
		F085E56D2E32EB9000C84043 /* Release */ = {
			isa = XCBuildConfiguration;
			buildSettings = {
				CODE_SIGN_STYLE = Automatic;
				CURRENT_PROJECT_VERSION = 1;
				GENERATE_INFOPLIST_FILE = YES;
				MARKETING_VERSION = 1.0;
				PRODUCT_BUNDLE_IDENTIFIER = adammmhal.DionysusUITests;
				PRODUCT_NAME = "$(TARGET_NAME)";
				SWIFT_EMIT_LOC_STRINGS = NO;
				SWIFT_VERSION = 5.0;
				TARGETED_DEVICE_FAMILY = "1,2";
				TEST_TARGET_NAME = Dionysus;
			};
			name = Release;
		};
		F085E5A62E35490B00C84043 /* Debug */ = {
			isa = XCBuildConfiguration;
			buildSettings = {
				ASSETCATALOG_COMPILER_APPICON_NAME = "App Icon & Top Shelf Image";
				ASSETCATALOG_COMPILER_GLOBAL_ACCENT_COLOR_NAME = AccentColor;
				CODE_SIGN_STYLE = Automatic;
				CURRENT_PROJECT_VERSION = 1;
				DEVELOPMENT_ASSET_PATHS = "\"DionysusTV/Preview Content\"";
				DEVELOPMENT_TEAM = BV94GNRP6Y;
				ENABLE_PREVIEWS = YES;
				GENERATE_INFOPLIST_FILE = YES;
				INFOPLIST_FILE = DionysusTV/Info.plist;
				INFOPLIST_KEY_UIUserInterfaceStyle = Automatic;
				LD_RUNPATH_SEARCH_PATHS = (
					"$(inherited)",
					"@executable_path/Frameworks",
				);
				MARKETING_VERSION = 1.0;
				PRODUCT_BUNDLE_IDENTIFIER = adammmhal.DionysusTV;
				PRODUCT_NAME = "$(TARGET_NAME)";
				SDKROOT = appletvos;
				SWIFT_EMIT_LOC_STRINGS = YES;
				SWIFT_VERSION = 5.0;
				TARGETED_DEVICE_FAMILY = 3;
				TVOS_DEPLOYMENT_TARGET = 18.0;
			};
			name = Debug;
		};
		F085E5A72E35490B00C84043 /* Release */ = {
			isa = XCBuildConfiguration;
			buildSettings = {
				ASSETCATALOG_COMPILER_APPICON_NAME = "App Icon & Top Shelf Image";
				ASSETCATALOG_COMPILER_GLOBAL_ACCENT_COLOR_NAME = AccentColor;
				CODE_SIGN_STYLE = Automatic;
				CURRENT_PROJECT_VERSION = 1;
				DEVELOPMENT_ASSET_PATHS = "\"DionysusTV/Preview Content\"";
				DEVELOPMENT_TEAM = BV94GNRP6Y;
				ENABLE_PREVIEWS = YES;
				GENERATE_INFOPLIST_FILE = YES;
				INFOPLIST_FILE = DionysusTV/Info.plist;
				INFOPLIST_KEY_UIUserInterfaceStyle = Automatic;
				LD_RUNPATH_SEARCH_PATHS = (
					"$(inherited)",
					"@executable_path/Frameworks",
				);
				MARKETING_VERSION = 1.0;
				PRODUCT_BUNDLE_IDENTIFIER = adammmhal.DionysusTV;
				PRODUCT_NAME = "$(TARGET_NAME)";
				SDKROOT = appletvos;
				SWIFT_EMIT_LOC_STRINGS = YES;
				SWIFT_VERSION = 5.0;
				TARGETED_DEVICE_FAMILY = 3;
				TVOS_DEPLOYMENT_TARGET = 18.0;
			};
			name = Release;
		};
		F085E5A92E35490B00C84043 /* Debug */ = {
			isa = XCBuildConfiguration;
			buildSettings = {
				BUNDLE_LOADER = "$(TEST_HOST)";
				CODE_SIGN_STYLE = Automatic;
				CURRENT_PROJECT_VERSION = 1;
				GENERATE_INFOPLIST_FILE = YES;
				MARKETING_VERSION = 1.0;
				PRODUCT_BUNDLE_IDENTIFIER = adammmhal.DionysusTVTests;
				PRODUCT_NAME = "$(TARGET_NAME)";
				SDKROOT = appletvos;
				SWIFT_EMIT_LOC_STRINGS = NO;
				SWIFT_VERSION = 5.0;
				TARGETED_DEVICE_FAMILY = 3;
				TEST_HOST = "$(BUILT_PRODUCTS_DIR)/DionysusTV.app/$(BUNDLE_EXECUTABLE_FOLDER_PATH)/DionysusTV";
				TVOS_DEPLOYMENT_TARGET = 18.0;
			};
			name = Debug;
		};
		F085E5AA2E35490B00C84043 /* Release */ = {
			isa = XCBuildConfiguration;
			buildSettings = {
				BUNDLE_LOADER = "$(TEST_HOST)";
				CODE_SIGN_STYLE = Automatic;
				CURRENT_PROJECT_VERSION = 1;
				GENERATE_INFOPLIST_FILE = YES;
				MARKETING_VERSION = 1.0;
				PRODUCT_BUNDLE_IDENTIFIER = adammmhal.DionysusTVTests;
				PRODUCT_NAME = "$(TARGET_NAME)";
				SDKROOT = appletvos;
				SWIFT_EMIT_LOC_STRINGS = NO;
				SWIFT_VERSION = 5.0;
				TARGETED_DEVICE_FAMILY = 3;
				TEST_HOST = "$(BUILT_PRODUCTS_DIR)/DionysusTV.app/$(BUNDLE_EXECUTABLE_FOLDER_PATH)/DionysusTV";
				TVOS_DEPLOYMENT_TARGET = 18.0;
			};
			name = Release;
		};
		F085E5AC2E35490B00C84043 /* Debug */ = {
			isa = XCBuildConfiguration;
			buildSettings = {
				CODE_SIGN_STYLE = Automatic;
				CURRENT_PROJECT_VERSION = 1;
				GENERATE_INFOPLIST_FILE = YES;
				MARKETING_VERSION = 1.0;
				PRODUCT_BUNDLE_IDENTIFIER = adammmhal.DionysusTVUITests;
				PRODUCT_NAME = "$(TARGET_NAME)";
				SDKROOT = appletvos;
				SWIFT_EMIT_LOC_STRINGS = NO;
				SWIFT_VERSION = 5.0;
				TARGETED_DEVICE_FAMILY = 3;
				TEST_TARGET_NAME = DionysusTV;
				TVOS_DEPLOYMENT_TARGET = 18.0;
			};
			name = Debug;
		};
		F085E5AD2E35490B00C84043 /* Release */ = {
			isa = XCBuildConfiguration;
			buildSettings = {
				CODE_SIGN_STYLE = Automatic;
				CURRENT_PROJECT_VERSION = 1;
				GENERATE_INFOPLIST_FILE = YES;
				MARKETING_VERSION = 1.0;
				PRODUCT_BUNDLE_IDENTIFIER = adammmhal.DionysusTVUITests;
				PRODUCT_NAME = "$(TARGET_NAME)";
				SDKROOT = appletvos;
				SWIFT_EMIT_LOC_STRINGS = NO;
				SWIFT_VERSION = 5.0;
				TARGETED_DEVICE_FAMILY = 3;
				TEST_TARGET_NAME = DionysusTV;
				TVOS_DEPLOYMENT_TARGET = 18.0;
			};
			name = Release;
		};
/* End XCBuildConfiguration section */

/* Begin XCConfigurationList section */
		F08240142E3BE68E0070A0C2 /* Build configuration list for PBXNativeTarget "DionysusTopShelf" */ = {
			isa = XCConfigurationList;
			buildConfigurations = (
				F08240152E3BE68E0070A0C2 /* Debug */,
				F08240162E3BE68E0070A0C2 /* Release */,
			);
			defaultConfigurationIsVisible = 0;
			defaultConfigurationName = Release;
		};
		F085E53A2E32EB8F00C84043 /* Build configuration list for PBXProject "Dionysus" */ = {
			isa = XCConfigurationList;
			buildConfigurations = (
				F085E5632E32EB9000C84043 /* Debug */,
				F085E5642E32EB9000C84043 /* Release */,
			);
			defaultConfigurationIsVisible = 0;
			defaultConfigurationName = Release;
		};
		F085E5652E32EB9000C84043 /* Build configuration list for PBXNativeTarget "Dionysus" */ = {
			isa = XCConfigurationList;
			buildConfigurations = (
				F085E5662E32EB9000C84043 /* Debug */,
				F085E5672E32EB9000C84043 /* Release */,
			);
			defaultConfigurationIsVisible = 0;
			defaultConfigurationName = Release;
		};
		F085E5682E32EB9000C84043 /* Build configuration list for PBXNativeTarget "DionysusTests" */ = {
			isa = XCConfigurationList;
			buildConfigurations = (
				F085E5692E32EB9000C84043 /* Debug */,
				F085E56A2E32EB9000C84043 /* Release */,
			);
			defaultConfigurationIsVisible = 0;
			defaultConfigurationName = Release;
		};
		F085E56B2E32EB9000C84043 /* Build configuration list for PBXNativeTarget "DionysusUITests" */ = {
			isa = XCConfigurationList;
			buildConfigurations = (
				F085E56C2E32EB9000C84043 /* Debug */,
				F085E56D2E32EB9000C84043 /* Release */,
			);
			defaultConfigurationIsVisible = 0;
			defaultConfigurationName = Release;
		};
		F085E5A52E35490B00C84043 /* Build configuration list for PBXNativeTarget "DionysusTV" */ = {
			isa = XCConfigurationList;
			buildConfigurations = (
				F085E5A62E35490B00C84043 /* Debug */,
				F085E5A72E35490B00C84043 /* Release */,
			);
			defaultConfigurationIsVisible = 0;
			defaultConfigurationName = Release;
		};
		F085E5A82E35490B00C84043 /* Build configuration list for PBXNativeTarget "DionysusTVTests" */ = {
			isa = XCConfigurationList;
			buildConfigurations = (
				F085E5A92E35490B00C84043 /* Debug */,
				F085E5AA2E35490B00C84043 /* Release */,
			);
			defaultConfigurationIsVisible = 0;
			defaultConfigurationName = Release;
		};
		F085E5AB2E35490B00C84043 /* Build configuration list for PBXNativeTarget "DionysusTVUITests" */ = {
			isa = XCConfigurationList;
			buildConfigurations = (
				F085E5AC2E35490B00C84043 /* Debug */,
				F085E5AD2E35490B00C84043 /* Release */,
			);
			defaultConfigurationIsVisible = 0;
			defaultConfigurationName = Release;
		};
/* End XCConfigurationList section */

/* Begin XCRemoteSwiftPackageReference section */
		F085E5B92E35FADC00C84043 /* XCRemoteSwiftPackageReference "ColorThiefSwift" */ = {
			isa = XCRemoteSwiftPackageReference;
			repositoryURL = "https://github.com/yamoridon/ColorThiefSwift";
			requirement = {
				kind = upToNextMajorVersion;
				minimumVersion = 0.5.0;
			};
		};
/* End XCRemoteSwiftPackageReference section */

/* Begin XCSwiftPackageProductDependency section */
		F082401B2E3BF3670070A0C2 /* ColorThiefSwift */ = {
			isa = XCSwiftPackageProductDependency;
			package = F085E5B92E35FADC00C84043 /* XCRemoteSwiftPackageReference "ColorThiefSwift" */;
			productName = ColorThiefSwift;
		};
		F085E5BA2E35FADD00C84043 /* ColorThiefSwift */ = {
			isa = XCSwiftPackageProductDependency;
			package = F085E5B92E35FADC00C84043 /* XCRemoteSwiftPackageReference "ColorThiefSwift" */;
			productName = ColorThiefSwift;
		};
		F085E5BC2E35FB2D00C84043 /* ColorThiefSwift */ = {
			isa = XCSwiftPackageProductDependency;
			package = F085E5B92E35FADC00C84043 /* XCRemoteSwiftPackageReference "ColorThiefSwift" */;
			productName = ColorThiefSwift;
		};
/* End XCSwiftPackageProductDependency section */
	};
	rootObject = F085E5372E32EB8F00C84043 /* Project object */;
}
